
Microsoft Visual Studio Solution File, Format Version 12.00
# Visual Studio Version 16
VisualStudioVersion = 16.0.29123.88
MinimumVisualStudioVersion = 10.0.40219.1
Project("{FAE04EC0-301F-11D3-BF4B-00C04F79EFBC}") = "ProductService", "ProductService\ProductService.csproj", "{779C4A63-40AC-4088-B717-E22D312A3A94}"
EndProject
Global
	GlobalSection(SolutionConfigurationPlatforms) = preSolution
		Debug|Any CPU = Debug|Any CPU
		Release|Any CPU = Release|Any CPU
	EndGlobalSection
	GlobalSection(ProjectConfigurationPlatforms) = postSolution
		{779C4A63-40AC-4088-B717-E22D312A3A94}.Debug|Any CPU.ActiveCfg = Debug|Any CPU
		{779C4A63-40AC-4088-B717-E22D312A3A94}.Debug|Any CPU.Build.0 = Debug|Any CPU
		{779C4A63-40AC-4088-B717-E22D312A3A94}.Release|Any CPU.ActiveCfg = Release|Any CPU
		{779C4A63-40AC-4088-B717-E22D312A3A94}.Release|Any CPU.Build.0 = Release|Any CPU
	EndGlobalSection
	GlobalSection(SolutionProperties) = preSolution
		HideSolutionNode = FALSE
	EndGlobalSection
	GlobalSection(ExtensibilityGlobals) = postSolution
		SolutionGuid = {DAEC223A-2B3F-4992-916E-05763CD268F9}
	EndGlobalSection
EndGlobal
